
Microsoft Visual Studio Solution File, Format Version 12.00
# Visual Studio Version 17
VisualStudioVersion = 17.7.34009.444
MinimumVisualStudioVersion = 10.0.40219.1
Project("{FAE04EC0-301F-11D3-BF4B-00C04F79EFBC}") = "Speed", "Speed\Speed.csproj", "{91CEC567-0911-4D5F-98E3-9787AC4CB823}"
EndProject
Project("{FAE04EC0-301F-11D3-BF4B-00C04F79EFBC}") = "Stones", "Stones\Stones.csproj", "{6874D6AD-B578-4881-9434-C54EAE96DDE2}"
EndProject
Project("{FAE04EC0-301F-11D3-BF4B-00C04F79EFBC}") = "Energy", "Energy\Energy.csproj", "{B2A97355-217B-404E-9B98-16D07A08D9FE}"
EndProject
Project("{FAE04EC0-301F-11D3-BF4B-00C04F79EFBC}") = "SuperHeroes", "SuperHeroes\SuperHeroes.csproj", "{E952929B-AE62-42E2-A82B-93B835D6539B}"
EndProject
Project("{FAE04EC0-301F-11D3-BF4B-00C04F79EFBC}") = "Bonus", "Bonus\Bonus.csproj", "{3F1E458A-E08A-4FFF-97C2-311B809F870A}"
EndProject
Global
	GlobalSection(SolutionConfigurationPlatforms) = preSolution
		Debug|Any CPU = Debug|Any CPU
		Release|Any CPU = Release|Any CPU
	EndGlobalSection
	GlobalSection(ProjectConfigurationPlatforms) = postSolution
		{91CEC567-0911-4D5F-98E3-9787AC4CB823}.Debug|Any CPU.ActiveCfg = Debug|Any CPU
		{91CEC567-0911-4D5F-98E3-9787AC4CB823}.Debug|Any CPU.Build.0 = Debug|Any CPU
		{91CEC567-0911-4D5F-98E3-9787AC4CB823}.Release|Any CPU.ActiveCfg = Release|Any CPU
		{91CEC567-0911-4D5F-98E3-9787AC4CB823}.Release|Any CPU.Build.0 = Release|Any CPU
		{6874D6AD-B578-4881-9434-C54EAE96DDE2}.Debug|Any CPU.ActiveCfg = Debug|Any CPU
		{6874D6AD-B578-4881-9434-C54EAE96DDE2}.Debug|Any CPU.Build.0 = Debug|Any CPU
		{6874D6AD-B578-4881-9434-C54EAE96DDE2}.Release|Any CPU.ActiveCfg = Release|Any CPU
		{6874D6AD-B578-4881-9434-C54EAE96DDE2}.Release|Any CPU.Build.0 = Release|Any CPU
		{B2A97355-217B-404E-9B98-16D07A08D9FE}.Debug|Any CPU.ActiveCfg = Debug|Any CPU
		{B2A97355-217B-404E-9B98-16D07A08D9FE}.Debug|Any CPU.Build.0 = Debug|Any CPU
		{B2A97355-217B-404E-9B98-16D07A08D9FE}.Release|Any CPU.ActiveCfg = Release|Any CPU
		{B2A97355-217B-404E-9B98-16D07A08D9FE}.Release|Any CPU.Build.0 = Release|Any CPU
		{E952929B-AE62-42E2-A82B-93B835D6539B}.Debug|Any CPU.ActiveCfg = Debug|Any CPU
		{E952929B-AE62-42E2-A82B-93B835D6539B}.Debug|Any CPU.Build.0 = Debug|Any CPU
		{E952929B-AE62-42E2-A82B-93B835D6539B}.Release|Any CPU.ActiveCfg = Release|Any CPU
		{E952929B-AE62-42E2-A82B-93B835D6539B}.Release|Any CPU.Build.0 = Release|Any CPU
		{3F1E458A-E08A-4FFF-97C2-311B809F870A}.Debug|Any CPU.ActiveCfg = Debug|Any CPU
		{3F1E458A-E08A-4FFF-97C2-311B809F870A}.Debug|Any CPU.Build.0 = Debug|Any CPU
		{3F1E458A-E08A-4FFF-97C2-311B809F870A}.Release|Any CPU.ActiveCfg = Release|Any CPU
		{3F1E458A-E08A-4FFF-97C2-311B809F870A}.Release|Any CPU.Build.0 = Release|Any CPU
	EndGlobalSection
	GlobalSection(SolutionProperties) = preSolution
		HideSolutionNode = FALSE
	EndGlobalSection
	GlobalSection(ExtensibilityGlobals) = postSolution
		SolutionGuid = {1DD683ED-CF11-443F-8F6E-97161E07F414}
	EndGlobalSection
EndGlobal
